
Microsoft Visual Studio Solution File, Format Version 12.00
# Visual Studio Version 17
VisualStudioVersion = 17.9.34714.143
MinimumVisualStudioVersion = 10.0.40219.1
Project("{FAE04EC0-301F-11D3-BF4B-00C04F79EFBC}") = "SchoolHRAdmin", "SchoolHRAdmin.csproj", "{4AF082D0-7422-4BED-B6A6-3F0A3A40865D}"
EndProject
Project("{FAE04EC0-301F-11D3-BF4B-00C04F79EFBC}") = "HRAdminMainAPI", "..\HRAdminMainAPI\HRAdminMainAPI.csproj", "{B7A5F8F5-DE69-48D8-A3D4-1E12A2E28708}"
EndProject
Global
	GlobalSection(SolutionConfigurationPlatforms) = preSolution
		Debug|Any CPU = Debug|Any CPU
		Release|Any CPU = Release|Any CPU
	EndGlobalSection
	GlobalSection(ProjectConfigurationPlatforms) = postSolution
		{4AF082D0-7422-4BED-B6A6-3F0A3A40865D}.Debug|Any CPU.ActiveCfg = Debug|Any CPU
		{4AF082D0-7422-4BED-B6A6-3F0A3A40865D}.Debug|Any CPU.Build.0 = Debug|Any CPU
		{4AF082D0-7422-4BED-B6A6-3F0A3A40865D}.Release|Any CPU.ActiveCfg = Release|Any CPU
		{4AF082D0-7422-4BED-B6A6-3F0A3A40865D}.Release|Any CPU.Build.0 = Release|Any CPU
		{B7A5F8F5-DE69-48D8-A3D4-1E12A2E28708}.Debug|Any CPU.ActiveCfg = Debug|Any CPU
		{B7A5F8F5-DE69-48D8-A3D4-1E12A2E28708}.Debug|Any CPU.Build.0 = Debug|Any CPU
		{B7A5F8F5-DE69-48D8-A3D4-1E12A2E28708}.Release|Any CPU.ActiveCfg = Release|Any CPU
		{B7A5F8F5-DE69-48D8-A3D4-1E12A2E28708}.Release|Any CPU.Build.0 = Release|Any CPU
	EndGlobalSection
	GlobalSection(SolutionProperties) = preSolution
		HideSolutionNode = FALSE
	EndGlobalSection
	GlobalSection(ExtensibilityGlobals) = postSolution
		SolutionGuid = {E438F7DC-DFB1-4B50-8C5C-4016D1577E92}
	EndGlobalSection
EndGlobal
